<?xml version="1.0" encoding="utf-8"?>
<Project ToolsVersion="17.0" xmlns="http://schemas.microsoft.com/developer/msbuild/2003">
  <ItemGroup>
    <CustomBuild Include="C:\Users\mikai\Desktop\Projects\ALCL\CMakeFiles\eb0ed50a98d6bdcc35365f2a15839e6c\generate.stamp.rule">
      <Filter>CMake Rules</Filter>
    </CustomBuild>
  </ItemGroup>
  <ItemGroup>
    <Filter Include="CMake Rules">
      <UniqueIdentifier>{E6A97B2E-10EC-3365-8A97-A1F624A4D4F1}</UniqueIdentifier>
    </Filter>
  </ItemGroup>
</Project>
